
Microsoft Visual Studio Solution File, Format Version 12.00
# Visual Studio Version 17
VisualStudioVersion = 17.4.33403.182
MinimumVisualStudioVersion = 10.0.40219.1
Project("{FAE04EC0-301F-11D3-BF4B-00C04F79EFBC}") = "Opmuntring", "Opmuntring\Opmuntring.csproj", "{C53647A9-C08F-46D9-8588-FA319B615EC2}"
EndProject
Global
	GlobalSection(SolutionConfigurationPlatforms) = preSolution
		Debug|Any CPU = Debug|Any CPU
		Release|Any CPU = Release|Any CPU
	EndGlobalSection
	GlobalSection(ProjectConfigurationPlatforms) = postSolution
		{C53647A9-C08F-46D9-8588-FA319B615EC2}.Debug|Any CPU.ActiveCfg = Debug|Any CPU
		{C53647A9-C08F-46D9-8588-FA319B615EC2}.Debug|Any CPU.Build.0 = Debug|Any CPU
		{C53647A9-C08F-46D9-8588-FA319B615EC2}.Release|Any CPU.ActiveCfg = Release|Any CPU
		{C53647A9-C08F-46D9-8588-FA319B615EC2}.Release|Any CPU.Build.0 = Release|Any CPU
	EndGlobalSection
	GlobalSection(SolutionProperties) = preSolution
		HideSolutionNode = FALSE
	EndGlobalSection
	GlobalSection(ExtensibilityGlobals) = postSolution
		SolutionGuid = {A9887EB4-5CE0-4589-B21A-0488C30A46E4}
	EndGlobalSection
EndGlobal
